// !$*UTF8*$!
{
	archiveVersion = 1;
	classes = {
	};
	objectVersion = 48;
	objects = {

/* Begin PBXBuildFile section */
		3E23CA6A2F667BA1F0F42B17 /* libPods-DemoApp.a in Frameworks */ = {isa = PBXBuildFile; fileRef = 61C7934BBCB5113582DFA603 /* libPods-DemoApp.a */; };
		9953548020501BF500522523 /* AppDelegate.m in Sources */ = {isa = PBXBuildFile; fileRef = 9953547F20501BF500522523 /* AppDelegate.m */; };
		9953548220501BF500522523 /* Assets.xcassets in Resources */ = {isa = PBXBuildFile; fileRef = 9953548120501BF500522523 /* Assets.xcassets */; };
		9953548520501BF500522523 /* LaunchScreen.storyboard in Resources */ = {isa = PBXBuildFile; fileRef = 9953548320501BF500522523 /* LaunchScreen.storyboard */; };
		9953548820501BF500522523 /* main.m in Sources */ = {isa = PBXBuildFile; fileRef = 9953548720501BF500522523 /* main.m */; };
		9953549620501E3C00522523 /* BaseViewController.m in Sources */ = {isa = PBXBuildFile; fileRef = 9953549520501E3C00522523 /* BaseViewController.m */; };
		9953549920501E6700522523 /* MainViewController.m in Sources */ = {isa = PBXBuildFile; fileRef = 9953549820501E6700522523 /* MainViewController.m */; };
		9953549C20501FC600522523 /* MediaViewController.m in Sources */ = {isa = PBXBuildFile; fileRef = 9953549B20501FC600522523 /* MediaViewController.m */; };
		995354A1205023B800522523 /* PhotoViewController.m in Sources */ = {isa = PBXBuildFile; fileRef = 995354A0205023B800522523 /* PhotoViewController.m */; };
		999D8EC52050E8FF00A21863 /* TestViewController.m in Sources */ = {isa = PBXBuildFile; fileRef = 999D8EC42050E8FF00A21863 /* TestViewController.m */; };
/* End PBXBuildFile section */

/* Begin PBXFileReference section */
		08B103A4231A899D5442B72D /* Pods-DemoApp.debug.xcconfig */ = {isa = PBXFileReference; includeInIndex = 1; lastKnownFileType = text.xcconfig; name = "Pods-DemoApp.debug.xcconfig"; path = "Pods/Target Support Files/Pods-DemoApp/Pods-DemoApp.debug.xcconfig"; sourceTree = "<group>"; };
		61C7934BBCB5113582DFA603 /* libPods-DemoApp.a */ = {isa = PBXFileReference; explicitFileType = archive.ar; includeInIndex = 0; path = "libPods-DemoApp.a"; sourceTree = BUILT_PRODUCTS_DIR; };
		9953547B20501BF400522523 /* DemoApp.app */ = {isa = PBXFileReference; explicitFileType = wrapper.application; includeInIndex = 0; path = DemoApp.app; sourceTree = BUILT_PRODUCTS_DIR; };
		9953547E20501BF500522523 /* AppDelegate.h */ = {isa = PBXFileReference; lastKnownFileType = sourcecode.c.h; path = AppDelegate.h; sourceTree = "<group>"; };
		9953547F20501BF500522523 /* AppDelegate.m */ = {isa = PBXFileReference; lastKnownFileType = sourcecode.c.objc; path = AppDelegate.m; sourceTree = "<group>"; };
		9953548120501BF500522523 /* Assets.xcassets */ = {isa = PBXFileReference; lastKnownFileType = folder.assetcatalog; path = Assets.xcassets; sourceTree = "<group>"; };
		9953548420501BF500522523 /* Base */ = {isa = PBXFileReference; lastKnownFileType = file.storyboard; name = Base; path = Base.lproj/LaunchScreen.storyboard; sourceTree = "<group>"; };
		9953548620501BF500522523 /* Info.plist */ = {isa = PBXFileReference; lastKnownFileType = text.plist.xml; path = Info.plist; sourceTree = "<group>"; };
		9953548720501BF500522523 /* main.m */ = {isa = PBXFileReference; lastKnownFileType = sourcecode.c.objc; path = main.m; sourceTree = "<group>"; };
		9953549420501E3C00522523 /* BaseViewController.h */ = {isa = PBXFileReference; lastKnownFileType = sourcecode.c.h; path = BaseViewController.h; sourceTree = "<group>"; };
		9953549520501E3C00522523 /* BaseViewController.m */ = {isa = PBXFileReference; lastKnownFileType = sourcecode.c.objc; path = BaseViewController.m; sourceTree = "<group>"; };
		9953549720501E6700522523 /* MainViewController.h */ = {isa = PBXFileReference; lastKnownFileType = sourcecode.c.h; path = MainViewController.h; sourceTree = "<group>"; };
		9953549820501E6700522523 /* MainViewController.m */ = {isa = PBXFileReference; lastKnownFileType = sourcecode.c.objc; path = MainViewController.m; sourceTree = "<group>"; };
		9953549A20501FC600522523 /* MediaViewController.h */ = {isa = PBXFileReference; lastKnownFileType = sourcecode.c.h; path = MediaViewController.h; sourceTree = "<group>"; };
		9953549B20501FC600522523 /* MediaViewController.m */ = {isa = PBXFileReference; lastKnownFileType = sourcecode.c.objc; path = MediaViewController.m; sourceTree = "<group>"; };
		9953549E2050210E00522523 /* Contants.h */ = {isa = PBXFileReference; lastKnownFileType = sourcecode.c.h; path = Contants.h; sourceTree = "<group>"; };
		9953549F205023B800522523 /* PhotoViewController.h */ = {isa = PBXFileReference; lastKnownFileType = sourcecode.c.h; path = PhotoViewController.h; sourceTree = "<group>"; };
		995354A0205023B800522523 /* PhotoViewController.m */ = {isa = PBXFileReference; lastKnownFileType = sourcecode.c.objc; path = PhotoViewController.m; sourceTree = "<group>"; };
		999D8EC32050E8FF00A21863 /* TestViewController.h */ = {isa = PBXFileReference; lastKnownFileType = sourcecode.c.h; path = TestViewController.h; sourceTree = "<group>"; };
		999D8EC42050E8FF00A21863 /* TestViewController.m */ = {isa = PBXFileReference; lastKnownFileType = sourcecode.c.objc; path = TestViewController.m; sourceTree = "<group>"; };
		C9A4626CF0238E1F60108572 /* Pods-DemoApp.release.xcconfig */ = {isa = PBXFileReference; includeInIndex = 1; lastKnownFileType = text.xcconfig; name = "Pods-DemoApp.release.xcconfig"; path = "Pods/Target Support Files/Pods-DemoApp/Pods-DemoApp.release.xcconfig"; sourceTree = "<group>"; };
/* End PBXFileReference section */

/* Begin PBXFrameworksBuildPhase section */
		9953547820501BF400522523 /* Frameworks */ = {
			isa = PBXFrameworksBuildPhase;
			buildActionMask = 2147483647;
			files = (
				3E23CA6A2F667BA1F0F42B17 /* libPods-DemoApp.a in Frameworks */,
			);
			runOnlyForDeploymentPostprocessing = 0;
		};
/* End PBXFrameworksBuildPhase section */

/* Begin PBXGroup section */
		562380299B9AD9DA70C104C0 /* Pods */ = {
			isa = PBXGroup;
			children = (
				08B103A4231A899D5442B72D /* Pods-DemoApp.debug.xcconfig */,
				C9A4626CF0238E1F60108572 /* Pods-DemoApp.release.xcconfig */,
			);
			name = Pods;
			sourceTree = "<group>";
		};
		7AD121ADFBC1405287EFEAAC /* Frameworks */ = {
			isa = PBXGroup;
			children = (
				61C7934BBCB5113582DFA603 /* libPods-DemoApp.a */,
			);
			name = Frameworks;
			sourceTree = "<group>";
		};
		9953547220501BF400522523 = {
			isa = PBXGroup;
			children = (
				9953547D20501BF400522523 /* DemoApp */,
				9953547C20501BF400522523 /* Products */,
				562380299B9AD9DA70C104C0 /* Pods */,
				7AD121ADFBC1405287EFEAAC /* Frameworks */,
			);
			sourceTree = "<group>";
		};
		9953547C20501BF400522523 /* Products */ = {
			isa = PBXGroup;
			children = (
				9953547B20501BF400522523 /* DemoApp.app */,
			);
			name = Products;
			sourceTree = "<group>";
		};
		9953547D20501BF400522523 /* DemoApp */ = {
			isa = PBXGroup;
			children = (
				9953548E20501D9500522523 /* classes */,
				9953547E20501BF500522523 /* AppDelegate.h */,
				9953547F20501BF500522523 /* AppDelegate.m */,
				9953548120501BF500522523 /* Assets.xcassets */,
				9953548320501BF500522523 /* LaunchScreen.storyboard */,
				9953548620501BF500522523 /* Info.plist */,
				9953548720501BF500522523 /* main.m */,
			);
			path = DemoApp;
			sourceTree = "<group>";
		};
		9953548E20501D9500522523 /* classes */ = {
			isa = PBXGroup;
			children = (
				9953549D205020A700522523 /* utils */,
				9953549220501E0600522523 /* components */,
				9953548F20501DA900522523 /* controllers */,
			);
			path = classes;
			sourceTree = "<group>";
		};
		9953548F20501DA900522523 /* controllers */ = {
			isa = PBXGroup;
			children = (
				999D8EC22050E8E100A21863 /* test */,
				9953549120501DDF00522523 /* main */,
				9953549020501DD100522523 /* media */,
			);
			path = controllers;
			sourceTree = "<group>";
		};
		9953549020501DD100522523 /* media */ = {
			isa = PBXGroup;
			children = (
				9953549A20501FC600522523 /* MediaViewController.h */,
				9953549B20501FC600522523 /* MediaViewController.m */,
				9953549F205023B800522523 /* PhotoViewController.h */,
				995354A0205023B800522523 /* PhotoViewController.m */,
			);
			path = media;
			sourceTree = "<group>";
		};
		9953549120501DDF00522523 /* main */ = {
			isa = PBXGroup;
			children = (
				9953549720501E6700522523 /* MainViewController.h */,
				9953549820501E6700522523 /* MainViewController.m */,
			);
			path = main;
			sourceTree = "<group>";
		};
		9953549220501E0600522523 /* components */ = {
			isa = PBXGroup;
			children = (
				9953549320501E1800522523 /* base */,
			);
			path = components;
			sourceTree = "<group>";
		};
		9953549320501E1800522523 /* base */ = {
			isa = PBXGroup;
			children = (
				9953549420501E3C00522523 /* BaseViewController.h */,
				9953549520501E3C00522523 /* BaseViewController.m */,
			);
			path = base;
			sourceTree = "<group>";
		};
		9953549D205020A700522523 /* utils */ = {
			isa = PBXGroup;
			children = (
				9953549E2050210E00522523 /* Contants.h */,
			);
			path = utils;
			sourceTree = "<group>";
		};
		999D8EC22050E8E100A21863 /* test */ = {
			isa = PBXGroup;
			children = (
				999D8EC32050E8FF00A21863 /* TestViewController.h */,
				999D8EC42050E8FF00A21863 /* TestViewController.m */,
			);
			path = test;
			sourceTree = "<group>";
		};
/* End PBXGroup section */

/* Begin PBXNativeTarget section */
		9953547A20501BF400522523 /* DemoApp */ = {
			isa = PBXNativeTarget;
			buildConfigurationList = 9953548B20501BF500522523 /* Build configuration list for PBXNativeTarget "DemoApp" */;
			buildPhases = (
				1FB9A0A97B4FFF44A4D3F3A8 /* [CP] Check Pods Manifest.lock */,
				9953547720501BF400522523 /* Sources */,
				9953547820501BF400522523 /* Frameworks */,
				9953547920501BF400522523 /* Resources */,
				8E59D473216965B69460174A /* [CP] Embed Pods Frameworks */,
				59877FC4B7ECDC9689B5DA92 /* [CP] Copy Pods Resources */,
			);
			buildRules = (
			);
			dependencies = (
			);
			name = DemoApp;
			productName = DemoApp;
			productReference = 9953547B20501BF400522523 /* DemoApp.app */;
			productType = "com.apple.product-type.application";
		};
/* End PBXNativeTarget section */

/* Begin PBXProject section */
		9953547320501BF400522523 /* Project object */ = {
			isa = PBXProject;
			attributes = {
				LastUpgradeCheck = 0920;
				ORGANIZATIONNAME = qixin;
				TargetAttributes = {
					9953547A20501BF400522523 = {
						CreatedOnToolsVersion = 9.2;
						ProvisioningStyle = Automatic;
					};
				};
			};
			buildConfigurationList = 9953547620501BF400522523 /* Build configuration list for PBXProject "DemoApp" */;
			compatibilityVersion = "Xcode 8.0";
			developmentRegion = en;
			hasScannedForEncodings = 0;
			knownRegions = (
				en,
				Base,
			);
			mainGroup = 9953547220501BF400522523;
			productRefGroup = 9953547C20501BF400522523 /* Products */;
			projectDirPath = "";
			projectRoot = "";
			targets = (
				9953547A20501BF400522523 /* DemoApp */,
			);
		};
/* End PBXProject section */

/* Begin PBXResourcesBuildPhase section */
		9953547920501BF400522523 /* Resources */ = {
			isa = PBXResourcesBuildPhase;
			buildActionMask = 2147483647;
			files = (
				9953548220501BF500522523 /* Assets.xcassets in Resources */,
				9953548520501BF500522523 /* LaunchScreen.storyboard in Resources */,
			);
			runOnlyForDeploymentPostprocessing = 0;
		};
/* End PBXResourcesBuildPhase section */

/* Begin PBXShellScriptBuildPhase section */
		1FB9A0A97B4FFF44A4D3F3A8 /* [CP] Check Pods Manifest.lock */ = {
			isa = PBXShellScriptBuildPhase;
			buildActionMask = 2147483647;
			files = (
			);
			inputPaths = (
				"${PODS_PODFILE_DIR_PATH}/Podfile.lock",
				"${PODS_ROOT}/Manifest.lock",
			);
			name = "[CP] Check Pods Manifest.lock";
			outputPaths = (
				"$(DERIVED_FILE_DIR)/Pods-DemoApp-checkManifestLockResult.txt",
			);
			runOnlyForDeploymentPostprocessing = 0;
			shellPath = /bin/sh;
			shellScript = "diff \"${PODS_PODFILE_DIR_PATH}/Podfile.lock\" \"${PODS_ROOT}/Manifest.lock\" > /dev/null\nif [ $? != 0 ] ; then\n    # print error to STDERR\n    echo \"error: The sandbox is not in sync with the Podfile.lock. Run 'pod install' or update your CocoaPods installation.\" >&2\n    exit 1\nfi\n# This output is used by Xcode 'outputs' to avoid re-running this script phase.\necho \"SUCCESS\" > \"${SCRIPT_OUTPUT_FILE_0}\"\n";
			showEnvVarsInLog = 0;
		};
		59877FC4B7ECDC9689B5DA92 /* [CP] Copy Pods Resources */ = {
			isa = PBXShellScriptBuildPhase;
			buildActionMask = 2147483647;
			files = (
			);
			inputPaths = (
			);
			name = "[CP] Copy Pods Resources";
			outputPaths = (
			);
			runOnlyForDeploymentPostprocessing = 0;
			shellPath = /bin/sh;
			shellScript = "\"${SRCROOT}/Pods/Target Support Files/Pods-DemoApp/Pods-DemoApp-resources.sh\"\n";
			showEnvVarsInLog = 0;
		};
		8E59D473216965B69460174A /* [CP] Embed Pods Frameworks */ = {
			isa = PBXShellScriptBuildPhase;
			buildActionMask = 2147483647;
			files = (
			);
			inputPaths = (
			);
			name = "[CP] Embed Pods Frameworks";
			outputPaths = (
			);
			runOnlyForDeploymentPostprocessing = 0;
			shellPath = /bin/sh;
			shellScript = "\"${SRCROOT}/Pods/Target Support Files/Pods-DemoApp/Pods-DemoApp-frameworks.sh\"\n";
			showEnvVarsInLog = 0;
		};
/* End PBXShellScriptBuildPhase section */

/* Begin PBXSourcesBuildPhase section */
		9953547720501BF400522523 /* Sources */ = {
			isa = PBXSourcesBuildPhase;
			buildActionMask = 2147483647;
			files = (
				9953548820501BF500522523 /* main.m in Sources */,
				9953549620501E3C00522523 /* BaseViewController.m in Sources */,
				999D8EC52050E8FF00A21863 /* TestViewController.m in Sources */,
				9953548020501BF500522523 /* AppDelegate.m in Sources */,
				995354A1205023B800522523 /* PhotoViewController.m in Sources */,
				9953549920501E6700522523 /* MainViewController.m in Sources */,
				9953549C20501FC600522523 /* MediaViewController.m in Sources */,
			);
			runOnlyForDeploymentPostprocessing = 0;
		};
/* End PBXSourcesBuildPhase section */

/* Begin PBXVariantGroup section */
		9953548320501BF500522523 /* LaunchScreen.storyboard */ = {
			isa = PBXVariantGroup;
			children = (
				9953548420501BF500522523 /* Base */,
			);
			name = LaunchScreen.storyboard;
			sourceTree = "<group>";
		};
/* End PBXVariantGroup section */

/* Begin XCBuildConfiguration section */
		9953548920501BF500522523 /* Debug */ = {
			isa = XCBuildConfiguration;
			buildSettings = {
				ALWAYS_SEARCH_USER_PATHS = NO;
				CLANG_ANALYZER_NONNULL = YES;
				CLANG_ANALYZER_NUMBER_OBJECT_CONVERSION = YES_AGGRESSIVE;
				CLANG_CXX_LANGUAGE_STANDARD = "gnu++14";
				CLANG_CXX_LIBRARY = "libc++";
				CLANG_ENABLE_MODULES = YES;
				CLANG_ENABLE_OBJC_ARC = YES;
				CLANG_WARN_BLOCK_CAPTURE_AUTORELEASING = YES;
				CLANG_WARN_BOOL_CONVERSION = YES;
				CLANG_WARN_COMMA = YES;
				CLANG_WARN_CONSTANT_CONVERSION = YES;
				CLANG_WARN_DIRECT_OBJC_ISA_USAGE = YES_ERROR;
				CLANG_WARN_DOCUMENTATION_COMMENTS = YES;
				CLANG_WARN_EMPTY_BODY = YES;
				CLANG_WARN_ENUM_CONVERSION = YES;
				CLANG_WARN_INFINITE_RECURSION = YES;
				CLANG_WARN_INT_CONVERSION = YES;
				CLANG_WARN_NON_LITERAL_NULL_CONVERSION = YES;
				CLANG_WARN_OBJC_LITERAL_CONVERSION = YES;
				CLANG_WARN_OBJC_ROOT_CLASS = YES_ERROR;
				CLANG_WARN_RANGE_LOOP_ANALYSIS = YES;
				CLANG_WARN_STRICT_PROTOTYPES = YES;
				CLANG_WARN_SUSPICIOUS_MOVE = YES;
				CLANG_WARN_UNGUARDED_AVAILABILITY = YES_AGGRESSIVE;
				CLANG_WARN_UNREACHABLE_CODE = YES;
				CLANG_WARN__DUPLICATE_METHOD_MATCH = YES;
				CODE_SIGN_IDENTITY = "iPhone Developer";
				COPY_PHASE_STRIP = NO;
				DEBUG_INFORMATION_FORMAT = dwarf;
				ENABLE_STRICT_OBJC_MSGSEND = YES;
				ENABLE_TESTABILITY = YES;
				GCC_C_LANGUAGE_STANDARD = gnu11;
				GCC_DYNAMIC_NO_PIC = NO;
				GCC_NO_COMMON_BLOCKS = YES;
				GCC_OPTIMIZATION_LEVEL = 0;
				GCC_PREPROCESSOR_DEFINITIONS = (
					"DEBUG=1",
					"$(inherited)",
				);
				GCC_WARN_64_TO_32_BIT_CONVERSION = YES;
				GCC_WARN_ABOUT_RETURN_TYPE = YES_ERROR;
				GCC_WARN_UNDECLARED_SELECTOR = YES;
				GCC_WARN_UNINITIALIZED_AUTOS = YES_AGGRESSIVE;
				GCC_WARN_UNUSED_FUNCTION = YES;
				GCC_WARN_UNUSED_VARIABLE = YES;
				IPHONEOS_DEPLOYMENT_TARGET = 11.2;
				MTL_ENABLE_DEBUG_INFO = YES;
				ONLY_ACTIVE_ARCH = YES;
				SDKROOT = iphoneos;
			};
			name = Debug;
		};
		9953548A20501BF500522523 /* Release */ = {
			isa = XCBuildConfiguration;
			buildSettings = {
				ALWAYS_SEARCH_USER_PATHS = NO;
				CLANG_ANALYZER_NONNULL = YES;
				CLANG_ANALYZER_NUMBER_OBJECT_CONVERSION = YES_AGGRESSIVE;
				CLANG_CXX_LANGUAGE_STANDARD = "gnu++14";
				CLANG_CXX_LIBRARY = "libc++";
				CLANG_ENABLE_MODULES = YES;
				CLANG_ENABLE_OBJC_ARC = YES;
				CLANG_WARN_BLOCK_CAPTURE_AUTORELEASING = YES;
				CLANG_WARN_BOOL_CONVERSION = YES;
				CLANG_WARN_COMMA = YES;
				CLANG_WARN_CONSTANT_CONVERSION = YES;
				CLANG_WARN_DIRECT_OBJC_ISA_USAGE = YES_ERROR;
				CLANG_WARN_DOCUMENTATION_COMMENTS = YES;
				CLANG_WARN_EMPTY_BODY = YES;
				CLANG_WARN_ENUM_CONVERSION = YES;
				CLANG_WARN_INFINITE_RECURSION = YES;
				CLANG_WARN_INT_CONVERSION = YES;
				CLANG_WARN_NON_LITERAL_NULL_CONVERSION = YES;
				CLANG_WARN_OBJC_LITERAL_CONVERSION = YES;
				CLANG_WARN_OBJC_ROOT_CLASS = YES_ERROR;
				CLANG_WARN_RANGE_LOOP_ANALYSIS = YES;
				CLANG_WARN_STRICT_PROTOTYPES = YES;
				CLANG_WARN_SUSPICIOUS_MOVE = YES;
				CLANG_WARN_UNGUARDED_AVAILABILITY = YES_AGGRESSIVE;
				CLANG_WARN_UNREACHABLE_CODE = YES;
				CLANG_WARN__DUPLICATE_METHOD_MATCH = YES;
				CODE_SIGN_IDENTITY = "iPhone Developer";
				COPY_PHASE_STRIP = NO;
				DEBUG_INFORMATION_FORMAT = "dwarf-with-dsym";
				ENABLE_NS_ASSERTIONS = NO;
				ENABLE_STRICT_OBJC_MSGSEND = YES;
				GCC_C_LANGUAGE_STANDARD = gnu11;
				GCC_NO_COMMON_BLOCKS = YES;
				GCC_WARN_64_TO_32_BIT_CONVERSION = YES;
				GCC_WARN_ABOUT_RETURN_TYPE = YES_ERROR;
				GCC_WARN_UNDECLARED_SELECTOR = YES;
				GCC_WARN_UNINITIALIZED_AUTOS = YES_AGGRESSIVE;
				GCC_WARN_UNUSED_FUNCTION = YES;
				GCC_WARN_UNUSED_VARIABLE = YES;
				IPHONEOS_DEPLOYMENT_TARGET = 11.2;
				MTL_ENABLE_DEBUG_INFO = NO;
				SDKROOT = iphoneos;
				VALIDATE_PRODUCT = YES;
			};
			name = Release;
		};
		9953548C20501BF500522523 /* Debug */ = {
			isa = XCBuildConfiguration;
			baseConfigurationReference = 08B103A4231A899D5442B72D /* Pods-DemoApp.debug.xcconfig */;
			buildSettings = {
				ASSETCATALOG_COMPILER_APPICON_NAME = AppIcon;
				CODE_SIGN_STYLE = Automatic;
				DEVELOPMENT_TEAM = 79W2V497SQ;
				INFOPLIST_FILE = DemoApp/Info.plist;
				LD_RUNPATH_SEARCH_PATHS = "$(inherited) @executable_path/Frameworks";
				PRODUCT_BUNDLE_IDENTIFIER = qixin.com.DemoApp;
				PRODUCT_NAME = "$(TARGET_NAME)";
				TARGETED_DEVICE_FAMILY = "1,2";
			};
			name = Debug;
		};
		9953548D20501BF500522523 /* Release */ = {
			isa = XCBuildConfiguration;
			baseConfigurationReference = C9A4626CF0238E1F60108572 /* Pods-DemoApp.release.xcconfig */;
			buildSettings = {
				ASSETCATALOG_COMPILER_APPICON_NAME = AppIcon;
				CODE_SIGN_STYLE = Automatic;
				DEVELOPMENT_TEAM = 79W2V497SQ;
				INFOPLIST_FILE = DemoApp/Info.plist;
				LD_RUNPATH_SEARCH_PATHS = "$(inherited) @executable_path/Frameworks";
				PRODUCT_BUNDLE_IDENTIFIER = qixin.com.DemoApp;
				PRODUCT_NAME = "$(TARGET_NAME)";
				TARGETED_DEVICE_FAMILY = "1,2";
			};
			name = Release;
		};
/* End XCBuildConfiguration section */

/* Begin XCConfigurationList section */
		9953547620501BF400522523 /* Build configuration list for PBXProject "DemoApp" */ = {
			isa = XCConfigurationList;
			buildConfigurations = (
				9953548920501BF500522523 /* Debug */,
				9953548A20501BF500522523 /* Release */,
			);
			defaultConfigurationIsVisible = 0;
			defaultConfigurationName = Release;
		};
		9953548B20501BF500522523 /* Build configuration list for PBXNativeTarget "DemoApp" */ = {
			isa = XCConfigurationList;
			buildConfigurations = (
				9953548C20501BF500522523 /* Debug */,
				9953548D20501BF500522523 /* Release */,
			);
			defaultConfigurationIsVisible = 0;
			defaultConfigurationName = Release;
		};
/* End XCConfigurationList section */
	};
	rootObject = 9953547320501BF400522523 /* Project object */;
}
